
Microsoft Visual Studio Solution File, Format Version 12.00
# Visual Studio Version 16
VisualStudioVersion = 16.0.30907.101
MinimumVisualStudioVersion = 10.0.40219.1
Project("{9A19103F-16F7-4668-BE54-9A1E7A4F7556}") = "Chap13App", "Chap13App\Chap13App.csproj", "{C8C7FBA2-B0C0-4CAA-8DE7-4BB21979535E}"
EndProject
Project("{9A19103F-16F7-4668-BE54-9A1E7A4F7556}") = "CallbackTestApp", "CallbackTestApp\CallbackTestApp.csproj", "{5622BF87-F44B-499A-B95A-89F92EE50BE1}"
EndProject
Project("{9A19103F-16F7-4668-BE54-9A1E7A4F7556}") = "DelegateChainApp", "DelegateChainApp\DelegateChainApp.csproj", "{989990CA-01E4-4C9F-AF54-0F713A21CCBC}"
EndProject
Project("{FAE04EC0-301F-11D3-BF4B-00C04F79EFBC}") = "DelegateChain2App", "DelegateChain2App\DelegateChain2App.csproj", "{3556383A-4860-474E-8FA3-B442D7267FEC}"
EndProject
Project("{FAE04EC0-301F-11D3-BF4B-00C04F79EFBC}") = "UsingEventApp", "UsingEventApp\UsingEventApp.csproj", "{EA9DA1F3-5276-4292-B238-0FB784177A07}"
EndProject
Global
	GlobalSection(SolutionConfigurationPlatforms) = preSolution
		Debug|Any CPU = Debug|Any CPU
		Release|Any CPU = Release|Any CPU
	EndGlobalSection
	GlobalSection(ProjectConfigurationPlatforms) = postSolution
		{C8C7FBA2-B0C0-4CAA-8DE7-4BB21979535E}.Debug|Any CPU.ActiveCfg = Debug|Any CPU
		{C8C7FBA2-B0C0-4CAA-8DE7-4BB21979535E}.Debug|Any CPU.Build.0 = Debug|Any CPU
		{C8C7FBA2-B0C0-4CAA-8DE7-4BB21979535E}.Release|Any CPU.ActiveCfg = Release|Any CPU
		{C8C7FBA2-B0C0-4CAA-8DE7-4BB21979535E}.Release|Any CPU.Build.0 = Release|Any CPU
		{5622BF87-F44B-499A-B95A-89F92EE50BE1}.Debug|Any CPU.ActiveCfg = Debug|Any CPU
		{5622BF87-F44B-499A-B95A-89F92EE50BE1}.Debug|Any CPU.Build.0 = Debug|Any CPU
		{5622BF87-F44B-499A-B95A-89F92EE50BE1}.Release|Any CPU.ActiveCfg = Release|Any CPU
		{5622BF87-F44B-499A-B95A-89F92EE50BE1}.Release|Any CPU.Build.0 = Release|Any CPU
		{989990CA-01E4-4C9F-AF54-0F713A21CCBC}.Debug|Any CPU.ActiveCfg = Debug|Any CPU
		{989990CA-01E4-4C9F-AF54-0F713A21CCBC}.Debug|Any CPU.Build.0 = Debug|Any CPU
		{989990CA-01E4-4C9F-AF54-0F713A21CCBC}.Release|Any CPU.ActiveCfg = Release|Any CPU
		{989990CA-01E4-4C9F-AF54-0F713A21CCBC}.Release|Any CPU.Build.0 = Release|Any CPU
		{3556383A-4860-474E-8FA3-B442D7267FEC}.Debug|Any CPU.ActiveCfg = Debug|Any CPU
		{3556383A-4860-474E-8FA3-B442D7267FEC}.Debug|Any CPU.Build.0 = Debug|Any CPU
		{3556383A-4860-474E-8FA3-B442D7267FEC}.Release|Any CPU.ActiveCfg = Release|Any CPU
		{3556383A-4860-474E-8FA3-B442D7267FEC}.Release|Any CPU.Build.0 = Release|Any CPU
		{EA9DA1F3-5276-4292-B238-0FB784177A07}.Debug|Any CPU.ActiveCfg = Debug|Any CPU
		{EA9DA1F3-5276-4292-B238-0FB784177A07}.Debug|Any CPU.Build.0 = Debug|Any CPU
		{EA9DA1F3-5276-4292-B238-0FB784177A07}.Release|Any CPU.ActiveCfg = Release|Any CPU
		{EA9DA1F3-5276-4292-B238-0FB784177A07}.Release|Any CPU.Build.0 = Release|Any CPU
	EndGlobalSection
	GlobalSection(SolutionProperties) = preSolution
		HideSolutionNode = FALSE
	EndGlobalSection
	GlobalSection(ExtensibilityGlobals) = postSolution
		SolutionGuid = {974FC10F-CBAA-40BF-A468-B8D469052B7B}
	EndGlobalSection
EndGlobal
