
Microsoft Visual Studio Solution File, Format Version 12.00
# Visual Studio Version 16
VisualStudioVersion = 16.0.30907.101
MinimumVisualStudioVersion = 10.0.40219.1
Project("{FAE04EC0-301F-11D3-BF4B-00C04F79EFBC}") = "Chap18App", "Chap18App\Chap18App.csproj", "{DC0AB376-4C03-49F9-9B7B-5E0E5E5F0DA4}"
EndProject
Project("{FAE04EC0-301F-11D3-BF4B-00C04F79EFBC}") = "StringBuilderApp", "StringBuilderApp\StringBuilderApp.csproj", "{1233FF46-1E6B-4637-9AE3-33FEE5A3A8D9}"
EndProject
Project("{FAE04EC0-301F-11D3-BF4B-00C04F79EFBC}") = "DirectoryInfoApp", "DirectoryInfoApp\DirectoryInfoApp.csproj", "{A36A0BB3-309A-473B-8E0B-B3F33CA7811F}"
EndProject
Project("{FAE04EC0-301F-11D3-BF4B-00C04F79EFBC}") = "GenDirFileApp", "GenDirFileApp\GenDirFileApp.csproj", "{EC3F3DF9-3CC4-4D33-871D-786966F5C7B8}"
EndProject
Project("{FAE04EC0-301F-11D3-BF4B-00C04F79EFBC}") = "TextFileApp", "TextFileApp\TextFileApp.csproj", "{005F5AAF-7C9E-4C8A-B505-3429A1DB9931}"
EndProject
Global
	GlobalSection(SolutionConfigurationPlatforms) = preSolution
		Debug|Any CPU = Debug|Any CPU
		Release|Any CPU = Release|Any CPU
	EndGlobalSection
	GlobalSection(ProjectConfigurationPlatforms) = postSolution
		{DC0AB376-4C03-49F9-9B7B-5E0E5E5F0DA4}.Debug|Any CPU.ActiveCfg = Debug|Any CPU
		{DC0AB376-4C03-49F9-9B7B-5E0E5E5F0DA4}.Debug|Any CPU.Build.0 = Debug|Any CPU
		{DC0AB376-4C03-49F9-9B7B-5E0E5E5F0DA4}.Release|Any CPU.ActiveCfg = Release|Any CPU
		{DC0AB376-4C03-49F9-9B7B-5E0E5E5F0DA4}.Release|Any CPU.Build.0 = Release|Any CPU
		{1233FF46-1E6B-4637-9AE3-33FEE5A3A8D9}.Debug|Any CPU.ActiveCfg = Debug|Any CPU
		{1233FF46-1E6B-4637-9AE3-33FEE5A3A8D9}.Debug|Any CPU.Build.0 = Debug|Any CPU
		{1233FF46-1E6B-4637-9AE3-33FEE5A3A8D9}.Release|Any CPU.ActiveCfg = Release|Any CPU
		{1233FF46-1E6B-4637-9AE3-33FEE5A3A8D9}.Release|Any CPU.Build.0 = Release|Any CPU
		{A36A0BB3-309A-473B-8E0B-B3F33CA7811F}.Debug|Any CPU.ActiveCfg = Debug|Any CPU
		{A36A0BB3-309A-473B-8E0B-B3F33CA7811F}.Debug|Any CPU.Build.0 = Debug|Any CPU
		{A36A0BB3-309A-473B-8E0B-B3F33CA7811F}.Release|Any CPU.ActiveCfg = Release|Any CPU
		{A36A0BB3-309A-473B-8E0B-B3F33CA7811F}.Release|Any CPU.Build.0 = Release|Any CPU
		{EC3F3DF9-3CC4-4D33-871D-786966F5C7B8}.Debug|Any CPU.ActiveCfg = Debug|Any CPU
		{EC3F3DF9-3CC4-4D33-871D-786966F5C7B8}.Debug|Any CPU.Build.0 = Debug|Any CPU
		{EC3F3DF9-3CC4-4D33-871D-786966F5C7B8}.Release|Any CPU.ActiveCfg = Release|Any CPU
		{EC3F3DF9-3CC4-4D33-871D-786966F5C7B8}.Release|Any CPU.Build.0 = Release|Any CPU
		{005F5AAF-7C9E-4C8A-B505-3429A1DB9931}.Debug|Any CPU.ActiveCfg = Debug|Any CPU
		{005F5AAF-7C9E-4C8A-B505-3429A1DB9931}.Debug|Any CPU.Build.0 = Debug|Any CPU
		{005F5AAF-7C9E-4C8A-B505-3429A1DB9931}.Release|Any CPU.ActiveCfg = Release|Any CPU
		{005F5AAF-7C9E-4C8A-B505-3429A1DB9931}.Release|Any CPU.Build.0 = Release|Any CPU
	EndGlobalSection
	GlobalSection(SolutionProperties) = preSolution
		HideSolutionNode = FALSE
	EndGlobalSection
	GlobalSection(ExtensibilityGlobals) = postSolution
		SolutionGuid = {50FB3447-C4FC-44BF-865F-95D76FE52028}
	EndGlobalSection
EndGlobal
