
Microsoft Visual Studio Solution File, Format Version 12.00
# Visual Studio Version 16
VisualStudioVersion = 16.0.31025.194
MinimumVisualStudioVersion = 10.0.40219.1
Project("{FAE04EC0-301F-11D3-BF4B-00C04F79EFBC}") = "Chap20App", "Chap20App\Chap20App.csproj", "{8C3DD0BA-E03D-484F-AF14-FBC639524D92}"
EndProject
Project("{FAE04EC0-301F-11D3-BF4B-00C04F79EFBC}") = "ConsoleApp1", "ConsoleApp1\ConsoleApp1.csproj", "{039B64F8-06A6-4640-A51E-A7E9961A26B4}"
EndProject
Project("{FAE04EC0-301F-11D3-BF4B-00C04F79EFBC}") = "MyWindowApp", "MyWindowApp\MyWindowApp.csproj", "{40FBC600-680E-4E09-AEC8-5CF628012A28}"
EndProject
Project("{FAE04EC0-301F-11D3-BF4B-00C04F79EFBC}") = "UsingControlsApp", "UsingControlsApp\UsingControlsApp.csproj", "{AEE289A4-FBA2-4C74-9699-503E516EC444}"
EndProject
Global
	GlobalSection(SolutionConfigurationPlatforms) = preSolution
		Debug|Any CPU = Debug|Any CPU
		Release|Any CPU = Release|Any CPU
	EndGlobalSection
	GlobalSection(ProjectConfigurationPlatforms) = postSolution
		{8C3DD0BA-E03D-484F-AF14-FBC639524D92}.Debug|Any CPU.ActiveCfg = Debug|Any CPU
		{8C3DD0BA-E03D-484F-AF14-FBC639524D92}.Debug|Any CPU.Build.0 = Debug|Any CPU
		{8C3DD0BA-E03D-484F-AF14-FBC639524D92}.Release|Any CPU.ActiveCfg = Release|Any CPU
		{8C3DD0BA-E03D-484F-AF14-FBC639524D92}.Release|Any CPU.Build.0 = Release|Any CPU
		{039B64F8-06A6-4640-A51E-A7E9961A26B4}.Debug|Any CPU.ActiveCfg = Debug|Any CPU
		{039B64F8-06A6-4640-A51E-A7E9961A26B4}.Debug|Any CPU.Build.0 = Debug|Any CPU
		{039B64F8-06A6-4640-A51E-A7E9961A26B4}.Release|Any CPU.ActiveCfg = Release|Any CPU
		{039B64F8-06A6-4640-A51E-A7E9961A26B4}.Release|Any CPU.Build.0 = Release|Any CPU
		{40FBC600-680E-4E09-AEC8-5CF628012A28}.Debug|Any CPU.ActiveCfg = Debug|Any CPU
		{40FBC600-680E-4E09-AEC8-5CF628012A28}.Debug|Any CPU.Build.0 = Debug|Any CPU
		{40FBC600-680E-4E09-AEC8-5CF628012A28}.Release|Any CPU.ActiveCfg = Release|Any CPU
		{40FBC600-680E-4E09-AEC8-5CF628012A28}.Release|Any CPU.Build.0 = Release|Any CPU
		{AEE289A4-FBA2-4C74-9699-503E516EC444}.Debug|Any CPU.ActiveCfg = Debug|Any CPU
		{AEE289A4-FBA2-4C74-9699-503E516EC444}.Debug|Any CPU.Build.0 = Debug|Any CPU
		{AEE289A4-FBA2-4C74-9699-503E516EC444}.Release|Any CPU.ActiveCfg = Release|Any CPU
		{AEE289A4-FBA2-4C74-9699-503E516EC444}.Release|Any CPU.Build.0 = Release|Any CPU
	EndGlobalSection
	GlobalSection(SolutionProperties) = preSolution
		HideSolutionNode = FALSE
	EndGlobalSection
	GlobalSection(ExtensibilityGlobals) = postSolution
		SolutionGuid = {C88CC76E-D1A8-4CC5-BDA4-2C81BF0BA1C6}
	EndGlobalSection
EndGlobal
