
Microsoft Visual Studio Solution File, Format Version 12.00
# Visual Studio Version 16
VisualStudioVersion = 16.0.30907.101
MinimumVisualStudioVersion = 10.0.40219.1
Project("{FAE04EC0-301F-11D3-BF4B-00C04F79EFBC}") = "Chap07App", "Chap07App\Chap07App.csproj", "{E3DACE10-0ABB-43C4-84AD-1326FDD87C1B}"
EndProject
Project("{FAE04EC0-301F-11D3-BF4B-00C04F79EFBC}") = "CalcTestApp", "CalcTestApp\CalcTestApp.csproj", "{9E6541DB-3E7C-4CED-ADFF-20754CABF8F3}"
EndProject
Project("{FAE04EC0-301F-11D3-BF4B-00C04F79EFBC}") = "StaticTestApp", "StaticTestApp\StaticTestApp.csproj", "{B2D83A3E-8313-4CD3-B490-756D96F1BFC2}"
EndProject
Project("{FAE04EC0-301F-11D3-BF4B-00C04F79EFBC}") = "AccessModifierTestApp", "AccessModifierTestApp\AccessModifierTestApp.csproj", "{DDB880B4-9F7E-4AF5-A2D1-7357D6E6702D}"
EndProject
Global
	GlobalSection(SolutionConfigurationPlatforms) = preSolution
		Debug|Any CPU = Debug|Any CPU
		Release|Any CPU = Release|Any CPU
	EndGlobalSection
	GlobalSection(ProjectConfigurationPlatforms) = postSolution
		{E3DACE10-0ABB-43C4-84AD-1326FDD87C1B}.Debug|Any CPU.ActiveCfg = Debug|Any CPU
		{E3DACE10-0ABB-43C4-84AD-1326FDD87C1B}.Debug|Any CPU.Build.0 = Debug|Any CPU
		{E3DACE10-0ABB-43C4-84AD-1326FDD87C1B}.Release|Any CPU.ActiveCfg = Release|Any CPU
		{E3DACE10-0ABB-43C4-84AD-1326FDD87C1B}.Release|Any CPU.Build.0 = Release|Any CPU
		{9E6541DB-3E7C-4CED-ADFF-20754CABF8F3}.Debug|Any CPU.ActiveCfg = Debug|Any CPU
		{9E6541DB-3E7C-4CED-ADFF-20754CABF8F3}.Debug|Any CPU.Build.0 = Debug|Any CPU
		{9E6541DB-3E7C-4CED-ADFF-20754CABF8F3}.Release|Any CPU.ActiveCfg = Release|Any CPU
		{9E6541DB-3E7C-4CED-ADFF-20754CABF8F3}.Release|Any CPU.Build.0 = Release|Any CPU
		{B2D83A3E-8313-4CD3-B490-756D96F1BFC2}.Debug|Any CPU.ActiveCfg = Debug|Any CPU
		{B2D83A3E-8313-4CD3-B490-756D96F1BFC2}.Debug|Any CPU.Build.0 = Debug|Any CPU
		{B2D83A3E-8313-4CD3-B490-756D96F1BFC2}.Release|Any CPU.ActiveCfg = Release|Any CPU
		{B2D83A3E-8313-4CD3-B490-756D96F1BFC2}.Release|Any CPU.Build.0 = Release|Any CPU
		{DDB880B4-9F7E-4AF5-A2D1-7357D6E6702D}.Debug|Any CPU.ActiveCfg = Debug|Any CPU
		{DDB880B4-9F7E-4AF5-A2D1-7357D6E6702D}.Debug|Any CPU.Build.0 = Debug|Any CPU
		{DDB880B4-9F7E-4AF5-A2D1-7357D6E6702D}.Release|Any CPU.ActiveCfg = Release|Any CPU
		{DDB880B4-9F7E-4AF5-A2D1-7357D6E6702D}.Release|Any CPU.Build.0 = Release|Any CPU
	EndGlobalSection
	GlobalSection(SolutionProperties) = preSolution
		HideSolutionNode = FALSE
	EndGlobalSection
	GlobalSection(ExtensibilityGlobals) = postSolution
		SolutionGuid = {1E3CC2CE-071D-431F-8FAA-5EACBCFF937B}
	EndGlobalSection
EndGlobal
